# THIS IS AN AUTOGENERATED FILE. DO NOT EDIT THIS FILE DIRECTLY.
# yarn lockfile v1


"@helium/address@^4.6.2":
  version "4.6.2"
  resolved "https://registry.yarnpkg.com/@helium/address/-/address-4.6.2.tgz#0356bd9693ff7184f93f3c4e12c04f4f9c1db7b6"
  integrity sha512-MXlT9SH4HPrBj+r71w51grZj4MUNi4o4SnDJds/yallROBK0qlO8m/bDCsKfmj0FVm861tIfQBrJc6y5vjsymg==
  dependencies:
    bs58 "^5.0.0"
    js-sha256 "^0.9.0"
    multiformats "^9.6.4"

base-x@^4.0.0:
  version "4.0.0"
  resolved "https://registry.yarnpkg.com/base-x/-/base-x-4.0.0.tgz#d0e3b7753450c73f8ad2389b5c018a4af7b2224a"
  integrity sha512-FuwxlW4H5kh37X/oW59pwTzzTKRzfrrQwhmyspRM7swOEZcHtDZSCt45U6oKgtuFE+WYPblePMVIPR4RZrh/hw==

bs58@^5.0.0:
  version "5.0.0"
  resolved "https://registry.yarnpkg.com/bs58/-/bs58-5.0.0.tgz#865575b4d13c09ea2a84622df6c8cbeb54ffc279"
  integrity sha512-r+ihvQJvahgYT50JD05dyJNKlmmSlMoOGwn1lCcEzanPglg7TxYjioQUYehQ9mAR/+hOSd2jRc/Z2y5UxBymvQ==
  dependencies:
    base-x "^4.0.0"

js-sha256@^0.9.0:
  version "0.9.0"
  resolved "https://registry.yarnpkg.com/js-sha256/-/js-sha256-0.9.0.tgz#0b89ac166583e91ef9123644bd3c5334ce9d0966"
  integrity sha512-sga3MHh9sgQN2+pJ9VYZ+1LPwXOxuBJBA5nrR5/ofPfuiJBE2hnjsaN8se8JznOmGLN2p49Pe5U/ttafcs/apA==

multiformats@^9.6.4:
  version "9.9.0"
  resolved "https://registry.yarnpkg.com/multiformats/-/multiformats-9.9.0.tgz#c68354e7d21037a8f1f8833c8ccd68618e8f1d37"
  integrity sha512-HoMUjhH9T8DDBNT+6xzkrd9ga/XiBI4xLr58LJACwK6G3HTOPeMz4nB4KJs33L2BelrIJa7P0VuNaVF3hMYfjg==

react-native-sodium@^0.4.0:
  version "0.4.0"
  resolved "https://registry.yarnpkg.com/react-native-sodium/-/react-native-sodium-0.4.0.tgz#9f416aa5d24c020ae252fa4d6ce6b67251c47dc5"
  integrity sha512-u5ZQGRnoencCJV5PaUcEjJ7+svn8rqBBFgrmI+J5j6YGKebl/cOqapH8OuLCWB8SDOSKftx0KxFoeVZEz8O4lQ==

safe-buffer@^5.2.1:
  version "5.2.1"
  resolved "https://registry.yarnpkg.com/safe-buffer/-/safe-buffer-5.2.1.tgz#1eaf9fa9bdb1fdd4ec75f58f9cdb4e6b7827eec6"
  integrity sha512-rp3So07KcdmmKbGvgaNxQSJr7bGVSVk5S9Eq1F+ppbRo70+YeaDxkw5Dd8NPN+GD6bjnYm2VuPuCXmpuYvmCXQ==
