# THIS IS AN AUTOGENERATED FILE. DO NOT EDIT THIS FILE DIRECTLY.
# yarn lockfile v1


"@helium/address@^4.3.1":
  version "4.3.1"
  resolved "https://registry.yarnpkg.com/@helium/address/-/address-4.3.1.tgz#e82f001b438166822ce8548713549b1ff87741e8"
  integrity sha512-5f24ncoR3uOQgzFEtU2+YsHZTXW3+WYEBVdMVQEc5Hkou0bOTAOjVJZNhMqpIWLRzQXto2NOrDVIWXcFqqYnkg==
  dependencies:
    bs58 "^5.0.0"
    js-sha256 "^0.9.0"
    multiformats "^9.6.4"

"@helium/crypto-react-native@^4.3.1":
  version "4.3.1"
  resolved "https://registry.yarnpkg.com/@helium/crypto-react-native/-/crypto-react-native-4.3.1.tgz#3d1ef0ddc16b7bdf0126759fd1d2ef6aeff8372d"
  integrity sha512-7S0Qof6o00ZPlIWZ2VUawwXtmOz/HO+qP+JeR+05fU2S8rOntzYFX0KYb4vVUa+gQlSBQt+eb49DPQkzkB6GRg==
  dependencies:
    "@helium/address" "^4.3.1"
    js-sha256 "^0.9.0"
    react-native-sodium "^0.3.8"
    safe-buffer "^5.2.1"

base-x@^4.0.0:
  version "4.0.0"
  resolved "https://registry.yarnpkg.com/base-x/-/base-x-4.0.0.tgz#d0e3b7753450c73f8ad2389b5c018a4af7b2224a"
  integrity sha512-FuwxlW4H5kh37X/oW59pwTzzTKRzfrrQwhmyspRM7swOEZcHtDZSCt45U6oKgtuFE+WYPblePMVIPR4RZrh/hw==

bs58@^5.0.0:
  version "5.0.0"
  resolved "https://registry.yarnpkg.com/bs58/-/bs58-5.0.0.tgz#865575b4d13c09ea2a84622df6c8cbeb54ffc279"
  integrity sha512-r+ihvQJvahgYT50JD05dyJNKlmmSlMoOGwn1lCcEzanPglg7TxYjioQUYehQ9mAR/+hOSd2jRc/Z2y5UxBymvQ==
  dependencies:
    base-x "^4.0.0"

date-fns@^2.28.0:
  version "2.28.0"
  resolved "https://registry.yarnpkg.com/date-fns/-/date-fns-2.28.0.tgz#9570d656f5fc13143e50c975a3b6bbeb46cd08b2"
  integrity sha512-8d35hViGYx/QH0icHYCeLmsLmMUheMmTyV9Fcm6gvNwdw31yXXH+O85sOBJ+OLnLQMKZowvpKb6FgMIQjcpvQw==

decode-uri-component@^0.2.0:
  version "0.2.0"
  resolved "https://registry.yarnpkg.com/decode-uri-component/-/decode-uri-component-0.2.0.tgz#eb3913333458775cb84cd1a1fae062106bb87545"
  integrity sha512-hjf+xovcEn31w/EUYdTXQh/8smFL/dzYjohQGEIgjyNavaJfBY2p5F527Bo1VPATxv0VYTUC2bOcXvqFwk78Og==

filter-obj@^1.1.0:
  version "1.1.0"
  resolved "https://registry.yarnpkg.com/filter-obj/-/filter-obj-1.1.0.tgz#9b311112bc6c6127a16e016c6c5d7f19e0805c5b"
  integrity sha512-8rXg1ZnX7xzy2NGDVkBVaAy+lSlPNwad13BtgSlLuxfIslyt5Vg64U7tFcCt4WS1R0hvtnQybT/IyCkGZ3DpXQ==

js-sha256@^0.9.0:
  version "0.9.0"
  resolved "https://registry.yarnpkg.com/js-sha256/-/js-sha256-0.9.0.tgz#0b89ac166583e91ef9123644bd3c5334ce9d0966"
  integrity sha512-sga3MHh9sgQN2+pJ9VYZ+1LPwXOxuBJBA5nrR5/ofPfuiJBE2hnjsaN8se8JznOmGLN2p49Pe5U/ttafcs/apA==

multiformats@^9.6.4:
  version "9.7.0"
  resolved "https://registry.yarnpkg.com/multiformats/-/multiformats-9.7.0.tgz#845799e8df70fbb6b15922500e45cb87cf12f7e5"
  integrity sha512-uv/tcgwk0yN4DStopnBN4GTgvaAlYdy6KnZpuzEPFOYQd71DYFJjs0MN1ERElAflrZaYyGBWXyGxL5GgrxIx0Q==

query-string@^7.1.1:
  version "7.1.1"
  resolved "https://registry.yarnpkg.com/query-string/-/query-string-7.1.1.tgz#754620669db978625a90f635f12617c271a088e1"
  integrity sha512-MplouLRDHBZSG9z7fpuAAcI7aAYjDLhtsiVZsevsfaHWDS2IDdORKbSd1kWUA+V4zyva/HZoSfpwnYMMQDhb0w==
  dependencies:
    decode-uri-component "^0.2.0"
    filter-obj "^1.1.0"
    split-on-first "^1.0.0"
    strict-uri-encode "^2.0.0"

react-native-sodium@^0.3.8:
  version "0.3.9"
  resolved "https://registry.yarnpkg.com/react-native-sodium/-/react-native-sodium-0.3.9.tgz#cd853b9ef03ee053130d6d731c5d738f65a961db"
  integrity sha512-eLI2n5Kflvq6OcVHW4estK0EGFlSDk2fHSHst4a2ysO4Hpm5nxf/DCQ7DWcLZYJlE9SX9wk461eF9wKZL/gwfQ==

react-native-sodium@^0.4.0:
  version "0.4.0"
  resolved "https://registry.yarnpkg.com/react-native-sodium/-/react-native-sodium-0.4.0.tgz#9f416aa5d24c020ae252fa4d6ce6b67251c47dc5"
  integrity sha512-u5ZQGRnoencCJV5PaUcEjJ7+svn8rqBBFgrmI+J5j6YGKebl/cOqapH8OuLCWB8SDOSKftx0KxFoeVZEz8O4lQ==

safe-buffer@^5.2.1:
  version "5.2.1"
  resolved "https://registry.yarnpkg.com/safe-buffer/-/safe-buffer-5.2.1.tgz#1eaf9fa9bdb1fdd4ec75f58f9cdb4e6b7827eec6"
  integrity sha512-rp3So07KcdmmKbGvgaNxQSJr7bGVSVk5S9Eq1F+ppbRo70+YeaDxkw5Dd8NPN+GD6bjnYm2VuPuCXmpuYvmCXQ==

split-on-first@^1.0.0:
  version "1.1.0"
  resolved "https://registry.yarnpkg.com/split-on-first/-/split-on-first-1.1.0.tgz#f610afeee3b12bce1d0c30425e76398b78249a5f"
  integrity sha512-43ZssAJaMusuKWL8sKUBQXHWOpq8d6CfN/u1p4gUzfJkM05C8rxTmYrkIPTXapZpORA6LkkzcUulJ8FqA7Uudw==

strict-uri-encode@^2.0.0:
  version "2.0.0"
  resolved "https://registry.yarnpkg.com/strict-uri-encode/-/strict-uri-encode-2.0.0.tgz#b9c7330c7042862f6b142dc274bbcc5866ce3546"
  integrity sha512-QwiXZgpRcKkhTj2Scnn++4PKtWsH0kpzZ62L2R6c/LUVYv7hVnZqcg2+sMuT6R7Jusu1vviK/MFsu6kNJfWlEQ==
