# THIS IS AN AUTOGENERATED FILE. DO NOT EDIT THIS FILE DIRECTLY.
# yarn lockfile v1


"@helium/address@^5.0.2":
  version "5.0.2"
  resolved "https://registry.yarnpkg.com/@helium/address/-/address-5.0.2.tgz#0af3ed5d4bf96a5332d44c1c7f13f61746c18dfb"
  integrity sha512-0nDYcPvkdCfb4v5yjL4sh/nG0RTtCoJzYiOzb9CplnyDqVui8xYeiSe1dPY/JNUKrD3/BLDbyJZDcBkkbRRxIA==
  dependencies:
    "@noble/hashes" "^1.8.0"
    bs58 "^6.0.0"
    multiformats "^9.6.4"

"@noble/curves@^1.9.2":
  version "1.9.2"
  resolved "https://registry.yarnpkg.com/@noble/curves/-/curves-1.9.2.tgz#73388356ce733922396214a933ff7c95afcef911"
  integrity sha512-HxngEd2XUcg9xi20JkwlLCtYwfoFw4JGkuZpT+WlsPD4gB/cxkvTD8fSsoAnphGZhFdZYKeQIPCuFlWPm1uE0g==
  dependencies:
    "@noble/hashes" "1.8.0"

"@noble/hashes@1.8.0", "@noble/hashes@^1.8.0":
  version "1.8.0"
  resolved "https://registry.yarnpkg.com/@noble/hashes/-/hashes-1.8.0.tgz#cee43d801fcef9644b11b8194857695acd5f815a"
  integrity sha512-jCs9ldd7NwzpgXDIf6P3+NrHh9/sD6CQdxHyjQI+h/6rDNo88ypBxxz45UDuZHz9r3tNz7N/VInSVoVdtXEI4A==

"@types/node@^22.14.1":
  version "22.16.2"
  resolved "https://registry.yarnpkg.com/@types/node/-/node-22.16.2.tgz#0a7b5b852105fb3f5019134f87fa859d5abcab9b"
  integrity sha512-Cdqa/eJTvt4fC4wmq1Mcc0CPUjp/Qy2FGqLza3z3pKymsI969TcZ54diNJv8UYUgeWxyb8FSbCkhdR6WqmUFhA==
  dependencies:
    undici-types "~6.21.0"

base-x@^5.0.0:
  version "5.0.1"
  resolved "https://registry.yarnpkg.com/base-x/-/base-x-5.0.1.tgz#16bf35254be1df8aca15e36b7c1dda74b2aa6b03"
  integrity sha512-M7uio8Zt++eg3jPj+rHMfCC+IuygQHHCOU+IYsVtik6FWjuYpVt/+MRKcgsAMHh8mMFAwnB+Bs+mTrFiXjMzKg==

bs58@^6.0.0:
  version "6.0.0"
  resolved "https://registry.yarnpkg.com/bs58/-/bs58-6.0.0.tgz#a2cda0130558535dd281a2f8697df79caaf425d8"
  integrity sha512-PD0wEnEYg6ijszw/u8s+iI3H17cTymlrwkKhDhPZq+Sokl3AU4htyBFTjAeNAlCCmg0f53g6ih3jATyCKftTfw==
  dependencies:
    base-x "^5.0.0"

multiformats@^9.6.4:
  version "9.9.0"
  resolved "https://registry.yarnpkg.com/multiformats/-/multiformats-9.9.0.tgz#c68354e7d21037a8f1f8833c8ccd68618e8f1d37"
  integrity sha512-HoMUjhH9T8DDBNT+6xzkrd9ga/XiBI4xLr58LJACwK6G3HTOPeMz4nB4KJs33L2BelrIJa7P0VuNaVF3hMYfjg==

undici-types@~6.21.0:
  version "6.21.0"
  resolved "https://registry.yarnpkg.com/undici-types/-/undici-types-6.21.0.tgz#691d00af3909be93a7faa13be61b3a5b50ef12cb"
  integrity sha512-iwDZqg0QAGrg9Rav5H4n0M64c3mkR59cJ6wQp+7C4nI0gsmExaedaYLNO44eT4AtBBwjbTiGPMlt2Md0T9H9JQ==
