# THIS IS AN AUTOGENERATED FILE. DO NOT EDIT THIS FILE DIRECTLY.
# yarn lockfile v1


"@types/node@^22.14.1":
  version "22.16.2"
  resolved "https://registry.yarnpkg.com/@types/node/-/node-22.16.2.tgz#0a7b5b852105fb3f5019134f87fa859d5abcab9b"
  integrity sha512-Cdqa/eJTvt4fC4wmq1Mcc0CPUjp/Qy2FGqLza3z3pKymsI969TcZ54diNJv8UYUgeWxyb8FSbCkhdR6WqmUFhA==
  dependencies:
    undici-types "~6.21.0"

bignumber.js@^9.0.0:
  version "9.3.0"
  resolved "https://registry.yarnpkg.com/bignumber.js/-/bignumber.js-9.3.0.tgz#bdba7e2a4c1a2eba08290e8dcad4f36393c92acd"
  integrity sha512-EM7aMFTXbptt/wZdMlBv2t8IViwQL+h6SLHosp8Yf0dqJMTnY6iL32opnAB6kAdL0SZPuvcAzFr31o0c/R3/RA==

undici-types@~6.21.0:
  version "6.21.0"
  resolved "https://registry.yarnpkg.com/undici-types/-/undici-types-6.21.0.tgz#691d00af3909be93a7faa13be61b3a5b50ef12cb"
  integrity sha512-iwDZqg0QAGrg9Rav5H4n0M64c3mkR59cJ6wQp+7C4nI0gsmExaedaYLNO44eT4AtBBwjbTiGPMlt2Md0T9H9JQ==
